// !$*UTF8*$!
{
	archiveVersion = 1;
	classes = {
	};
	objectVersion = 48;
	objects = {

/* Begin PBXBuildFile section */
		B13C8A54A699442C77D8C51B /* Pods_AppManager.framework in Frameworks */ = {isa = PBXBuildFile; fileRef = 137A0B5B306D9C3930F38726 /* Pods_AppManager.framework */; };
		DF0B7F6E1FE7D0D60045DFF2 /* AppManager.h in Headers */ = {isa = PBXBuildFile; fileRef = DF0B7F6C1FE7D0D60045DFF2 /* AppManager.h */; settings = {ATTRIBUTES = (Public, ); }; };
		DF9B3A881FE8F16D006CE0D8 /* AppDefine.h in Headers */ = {isa = PBXBuildFile; fileRef = DF9B3A871FE8F16D006CE0D8 /* AppDefine.h */; settings = {ATTRIBUTES = (Public, ); }; };
		DF9B3A951FE904E9006CE0D8 /* DMNetworkManager.h in Headers */ = {isa = PBXBuildFile; fileRef = DF9B3A911FE904E9006CE0D8 /* DMNetworkManager.h */; settings = {ATTRIBUTES = (Public, ); }; };
		DF9B3A961FE904E9006CE0D8 /* DMNetworkManager.m in Sources */ = {isa = PBXBuildFile; fileRef = DF9B3A921FE904E9006CE0D8 /* DMNetworkManager.m */; };
		DF9B3A971FE904E9006CE0D8 /* Reachability.h in Headers */ = {isa = PBXBuildFile; fileRef = DF9B3A931FE904E9006CE0D8 /* Reachability.h */; settings = {ATTRIBUTES = (Public, ); }; };
		DF9B3A981FE904E9006CE0D8 /* Reachability.m in Sources */ = {isa = PBXBuildFile; fileRef = DF9B3A941FE904E9006CE0D8 /* Reachability.m */; };
		DF9B3AA71FE91F9E006CE0D8 /* DMNavigationController.h in Headers */ = {isa = PBXBuildFile; fileRef = DF9B3AA51FE91F9E006CE0D8 /* DMNavigationController.h */; settings = {ATTRIBUTES = (Public, ); }; };
		DF9B3AA81FE91F9E006CE0D8 /* DMNavigationController.m in Sources */ = {isa = PBXBuildFile; fileRef = DF9B3AA61FE91F9E006CE0D8 /* DMNavigationController.m */; };
		DF9B3AAB1FE91FEA006CE0D8 /* DMBaseViewController.h in Headers */ = {isa = PBXBuildFile; fileRef = DF9B3AA91FE91FEA006CE0D8 /* DMBaseViewController.h */; settings = {ATTRIBUTES = (Public, ); }; };
		DF9B3AAC1FE91FEA006CE0D8 /* DMBaseViewController.m in Sources */ = {isa = PBXBuildFile; fileRef = DF9B3AAA1FE91FEA006CE0D8 /* DMBaseViewController.m */; };
		DF9B3AAF1FE923AA006CE0D8 /* DMLinearViewController.h in Headers */ = {isa = PBXBuildFile; fileRef = DF9B3AAD1FE923AA006CE0D8 /* DMLinearViewController.h */; settings = {ATTRIBUTES = (Public, ); }; };
		DF9B3AB01FE923AA006CE0D8 /* DMLinearViewController.m in Sources */ = {isa = PBXBuildFile; fileRef = DF9B3AAE1FE923AA006CE0D8 /* DMLinearViewController.m */; };
		DFCEFB9D1FE9F7AA005E2C13 /* DMResultCode.h in Headers */ = {isa = PBXBuildFile; fileRef = DFCEFB9C1FE9F7AA005E2C13 /* DMResultCode.h */; settings = {ATTRIBUTES = (Public, ); }; };
		DFCEFBA01FE9F7EB005E2C13 /* DMWeakReferencesArray.h in Headers */ = {isa = PBXBuildFile; fileRef = DFCEFB9E1FE9F7EB005E2C13 /* DMWeakReferencesArray.h */; settings = {ATTRIBUTES = (Public, ); }; };
		DFCEFBA11FE9F7EB005E2C13 /* DMWeakReferencesArray.m in Sources */ = {isa = PBXBuildFile; fileRef = DFCEFB9F1FE9F7EB005E2C13 /* DMWeakReferencesArray.m */; };
		DFCEFBA41FE9F815005E2C13 /* DMJson.h in Headers */ = {isa = PBXBuildFile; fileRef = DFCEFBA21FE9F815005E2C13 /* DMJson.h */; settings = {ATTRIBUTES = (Public, ); }; };
		DFCEFBA51FE9F815005E2C13 /* DMJson.m in Sources */ = {isa = PBXBuildFile; fileRef = DFCEFBA31FE9F815005E2C13 /* DMJson.m */; };
		DFCEFBA81FE9F868005E2C13 /* NSString+DMMD5.h in Headers */ = {isa = PBXBuildFile; fileRef = DFCEFBA61FE9F868005E2C13 /* NSString+DMMD5.h */; settings = {ATTRIBUTES = (Public, ); }; };
		DFCEFBA91FE9F868005E2C13 /* NSString+DMMD5.m in Sources */ = {isa = PBXBuildFile; fileRef = DFCEFBA71FE9F868005E2C13 /* NSString+DMMD5.m */; };
		DFCEFBAC1FE9F981005E2C13 /* UIColor+DMDefine.h in Headers */ = {isa = PBXBuildFile; fileRef = DFCEFBAA1FE9F981005E2C13 /* UIColor+DMDefine.h */; settings = {ATTRIBUTES = (Public, ); }; };
		DFCEFBAD1FE9F981005E2C13 /* UIColor+DMDefine.m in Sources */ = {isa = PBXBuildFile; fileRef = DFCEFBAB1FE9F981005E2C13 /* UIColor+DMDefine.m */; };
		DFCEFBB01FE9FA05005E2C13 /* UIImage+DMColor.h in Headers */ = {isa = PBXBuildFile; fileRef = DFCEFBAE1FE9FA05005E2C13 /* UIImage+DMColor.h */; settings = {ATTRIBUTES = (Public, ); }; };
		DFCEFBB11FE9FA05005E2C13 /* UIImage+DMColor.m in Sources */ = {isa = PBXBuildFile; fileRef = DFCEFBAF1FE9FA05005E2C13 /* UIImage+DMColor.m */; };
		DFCEFBB41FE9FA69005E2C13 /* DMGlobal.h in Headers */ = {isa = PBXBuildFile; fileRef = DFCEFBB21FE9FA69005E2C13 /* DMGlobal.h */; settings = {ATTRIBUTES = (Public, ); }; };
		DFCEFBB51FE9FA69005E2C13 /* DMGlobal.m in Sources */ = {isa = PBXBuildFile; fileRef = DFCEFBB31FE9FA69005E2C13 /* DMGlobal.m */; };
		DFCEFD031FEA0EDC005E2C13 /* DMDatePickerView.h in Headers */ = {isa = PBXBuildFile; fileRef = DFCEFCE31FEA0EDC005E2C13 /* DMDatePickerView.h */; settings = {ATTRIBUTES = (Public, ); }; };
		DFCEFD041FEA0EDC005E2C13 /* DMDatePickerView.m in Sources */ = {isa = PBXBuildFile; fileRef = DFCEFCE41FEA0EDC005E2C13 /* DMDatePickerView.m */; };
		DFCEFD051FEA0EDC005E2C13 /* DMDetailView.h in Headers */ = {isa = PBXBuildFile; fileRef = DFCEFCE51FEA0EDC005E2C13 /* DMDetailView.h */; settings = {ATTRIBUTES = (Public, ); }; };
		DFCEFD061FEA0EDC005E2C13 /* DMDetailView.m in Sources */ = {isa = PBXBuildFile; fileRef = DFCEFCE61FEA0EDC005E2C13 /* DMDetailView.m */; };
		DFCEFD071FEA0EDC005E2C13 /* DMEntryCommitView.h in Headers */ = {isa = PBXBuildFile; fileRef = DFCEFCE71FEA0EDC005E2C13 /* DMEntryCommitView.h */; settings = {ATTRIBUTES = (Public, ); }; };
		DFCEFD081FEA0EDC005E2C13 /* DMEntryCommitView.m in Sources */ = {isa = PBXBuildFile; fileRef = DFCEFCE81FEA0EDC005E2C13 /* DMEntryCommitView.m */; };
		DFCEFD091FEA0EDC005E2C13 /* DMEntrySelectView.h in Headers */ = {isa = PBXBuildFile; fileRef = DFCEFCE91FEA0EDC005E2C13 /* DMEntrySelectView.h */; settings = {ATTRIBUTES = (Public, ); }; };
		DFCEFD0A1FEA0EDC005E2C13 /* DMEntrySelectView.m in Sources */ = {isa = PBXBuildFile; fileRef = DFCEFCEA1FEA0EDC005E2C13 /* DMEntrySelectView.m */; };
		DFCEFD0B1FEA0EDC005E2C13 /* DMEntryView.h in Headers */ = {isa = PBXBuildFile; fileRef = DFCEFCEB1FEA0EDC005E2C13 /* DMEntryView.h */; settings = {ATTRIBUTES = (Public, ); }; };
		DFCEFD0C1FEA0EDC005E2C13 /* DMEntryView.m in Sources */ = {isa = PBXBuildFile; fileRef = DFCEFCEC1FEA0EDC005E2C13 /* DMEntryView.m */; };
		DFCEFD0D1FEA0EDC005E2C13 /* DMMarqueeView.h in Headers */ = {isa = PBXBuildFile; fileRef = DFCEFCED1FEA0EDC005E2C13 /* DMMarqueeView.h */; settings = {ATTRIBUTES = (Public, ); }; };
		DFCEFD0E1FEA0EDC005E2C13 /* DMMarqueeView.m in Sources */ = {isa = PBXBuildFile; fileRef = DFCEFCEE1FEA0EDC005E2C13 /* DMMarqueeView.m */; };
		DFCEFD0F1FEA0EDC005E2C13 /* DMMultiLineTextView.h in Headers */ = {isa = PBXBuildFile; fileRef = DFCEFCEF1FEA0EDC005E2C13 /* DMMultiLineTextView.h */; settings = {ATTRIBUTES = (Public, ); }; };
		DFCEFD101FEA0EDC005E2C13 /* DMMultiLineTextView.m in Sources */ = {isa = PBXBuildFile; fileRef = DFCEFCF01FEA0EDC005E2C13 /* DMMultiLineTextView.m */; };
		DFCEFD111FEA0EDC005E2C13 /* DMMultiLineView.h in Headers */ = {isa = PBXBuildFile; fileRef = DFCEFCF11FEA0EDC005E2C13 /* DMMultiLineView.h */; settings = {ATTRIBUTES = (Public, ); }; };
		DFCEFD121FEA0EDC005E2C13 /* DMMultiLineView.m in Sources */ = {isa = PBXBuildFile; fileRef = DFCEFCF21FEA0EDC005E2C13 /* DMMultiLineView.m */; };
		DFCEFD131FEA0EDC005E2C13 /* DMPickerView.h in Headers */ = {isa = PBXBuildFile; fileRef = DFCEFCF31FEA0EDC005E2C13 /* DMPickerView.h */; settings = {ATTRIBUTES = (Public, ); }; };
		DFCEFD141FEA0EDC005E2C13 /* DMPickerView.m in Sources */ = {isa = PBXBuildFile; fileRef = DFCEFCF41FEA0EDC005E2C13 /* DMPickerView.m */; };
		DFCEFD151FEA0EDC005E2C13 /* DMSelectItemView.h in Headers */ = {isa = PBXBuildFile; fileRef = DFCEFCF51FEA0EDC005E2C13 /* DMSelectItemView.h */; settings = {ATTRIBUTES = (Public, ); }; };
		DFCEFD161FEA0EDC005E2C13 /* DMSelectItemView.m in Sources */ = {isa = PBXBuildFile; fileRef = DFCEFCF61FEA0EDC005E2C13 /* DMSelectItemView.m */; };
		DFCEFD171FEA0EDC005E2C13 /* DMSingleTextView.h in Headers */ = {isa = PBXBuildFile; fileRef = DFCEFCF71FEA0EDC005E2C13 /* DMSingleTextView.h */; settings = {ATTRIBUTES = (Public, ); }; };
		DFCEFD181FEA0EDC005E2C13 /* DMSingleTextView.m in Sources */ = {isa = PBXBuildFile; fileRef = DFCEFCF81FEA0EDC005E2C13 /* DMSingleTextView.m */; };
		DFCEFD191FEA0EDC005E2C13 /* DMSingleView.h in Headers */ = {isa = PBXBuildFile; fileRef = DFCEFCF91FEA0EDC005E2C13 /* DMSingleView.h */; settings = {ATTRIBUTES = (Public, ); }; };
		DFCEFD1A1FEA0EDC005E2C13 /* DMSingleView.m in Sources */ = {isa = PBXBuildFile; fileRef = DFCEFCFA1FEA0EDC005E2C13 /* DMSingleView.m */; };
		DFCEFD1B1FEA0EDC005E2C13 /* DMSwitchView.h in Headers */ = {isa = PBXBuildFile; fileRef = DFCEFCFB1FEA0EDC005E2C13 /* DMSwitchView.h */; settings = {ATTRIBUTES = (Public, ); }; };
		DFCEFD1C1FEA0EDC005E2C13 /* DMSwitchView.m in Sources */ = {isa = PBXBuildFile; fileRef = DFCEFCFC1FEA0EDC005E2C13 /* DMSwitchView.m */; };
		DFCEFD1D1FEA0EDC005E2C13 /* DMTaskOperatorView.h in Headers */ = {isa = PBXBuildFile; fileRef = DFCEFCFD1FEA0EDC005E2C13 /* DMTaskOperatorView.h */; settings = {ATTRIBUTES = (Public, ); }; };
		DFCEFD1E1FEA0EDC005E2C13 /* DMTaskOperatorView.m in Sources */ = {isa = PBXBuildFile; fileRef = DFCEFCFE1FEA0EDC005E2C13 /* DMTaskOperatorView.m */; };
		DFCEFD261FEA10D5005E2C13 /* NSString+DMFont.h in Headers */ = {isa = PBXBuildFile; fileRef = DFCEFD241FEA10D5005E2C13 /* NSString+DMFont.h */; settings = {ATTRIBUTES = (Public, ); }; };
		DFCEFD271FEA10D5005E2C13 /* NSString+DMFont.m in Sources */ = {isa = PBXBuildFile; fileRef = DFCEFD251FEA10D5005E2C13 /* NSString+DMFont.m */; };
		DFCEFD481FEA1388005E2C13 /* AppBaseManager.h in Headers */ = {isa = PBXBuildFile; fileRef = DFCEFD371FEA1388005E2C13 /* AppBaseManager.h */; settings = {ATTRIBUTES = (Public, ); }; };
		DFCEFD491FEA1388005E2C13 /* AppBaseManager.m in Sources */ = {isa = PBXBuildFile; fileRef = DFCEFD381FEA1388005E2C13 /* AppBaseManager.m */; };
		DFCEFD511FEA1388005E2C13 /* UIApplication+DMManager.h in Headers */ = {isa = PBXBuildFile; fileRef = DFCEFD411FEA1388005E2C13 /* UIApplication+DMManager.h */; settings = {ATTRIBUTES = (Public, ); }; };
		DFCEFD521FEA1388005E2C13 /* UIApplication+DMManager.m in Sources */ = {isa = PBXBuildFile; fileRef = DFCEFD421FEA1388005E2C13 /* UIApplication+DMManager.m */; };
		DFCEFD531FEA1388005E2C13 /* UIApplicationManagerDelegate.h in Headers */ = {isa = PBXBuildFile; fileRef = DFCEFD431FEA1388005E2C13 /* UIApplicationManagerDelegate.h */; settings = {ATTRIBUTES = (Public, ); }; };
/* End PBXBuildFile section */

/* Begin PBXFileReference section */
		137A0B5B306D9C3930F38726 /* Pods_AppManager.framework */ = {isa = PBXFileReference; explicitFileType = wrapper.framework; includeInIndex = 0; path = Pods_AppManager.framework; sourceTree = BUILT_PRODUCTS_DIR; };
		4D7FD05FA4B83F33D39911A6 /* Pods-AppManager.debug.xcconfig */ = {isa = PBXFileReference; includeInIndex = 1; lastKnownFileType = text.xcconfig; name = "Pods-AppManager.debug.xcconfig"; path = "Pods/Target Support Files/Pods-AppManager/Pods-AppManager.debug.xcconfig"; sourceTree = "<group>"; };
		8676EAC7710E1F0A7945ED0A /* Pods-AppManager.release.xcconfig */ = {isa = PBXFileReference; includeInIndex = 1; lastKnownFileType = text.xcconfig; name = "Pods-AppManager.release.xcconfig"; path = "Pods/Target Support Files/Pods-AppManager/Pods-AppManager.release.xcconfig"; sourceTree = "<group>"; };
		DF0B7F691FE7D0D60045DFF2 /* AppManager.framework */ = {isa = PBXFileReference; explicitFileType = wrapper.framework; includeInIndex = 0; path = AppManager.framework; sourceTree = BUILT_PRODUCTS_DIR; };
		DF0B7F6C1FE7D0D60045DFF2 /* AppManager.h */ = {isa = PBXFileReference; lastKnownFileType = sourcecode.c.h; path = AppManager.h; sourceTree = "<group>"; };
		DF0B7F6D1FE7D0D60045DFF2 /* Info.plist */ = {isa = PBXFileReference; lastKnownFileType = text.plist.xml; path = Info.plist; sourceTree = "<group>"; };
		DF9B3A871FE8F16D006CE0D8 /* AppDefine.h */ = {isa = PBXFileReference; fileEncoding = 4; lastKnownFileType = sourcecode.c.h; path = AppDefine.h; sourceTree = "<group>"; };
		DF9B3A911FE904E9006CE0D8 /* DMNetworkManager.h */ = {isa = PBXFileReference; fileEncoding = 4; lastKnownFileType = sourcecode.c.h; path = DMNetworkManager.h; sourceTree = "<group>"; };
		DF9B3A921FE904E9006CE0D8 /* DMNetworkManager.m */ = {isa = PBXFileReference; fileEncoding = 4; lastKnownFileType = sourcecode.c.objc; path = DMNetworkManager.m; sourceTree = "<group>"; };
		DF9B3A931FE904E9006CE0D8 /* Reachability.h */ = {isa = PBXFileReference; fileEncoding = 4; lastKnownFileType = sourcecode.c.h; path = Reachability.h; sourceTree = "<group>"; };
		DF9B3A941FE904E9006CE0D8 /* Reachability.m */ = {isa = PBXFileReference; fileEncoding = 4; lastKnownFileType = sourcecode.c.objc; path = Reachability.m; sourceTree = "<group>"; };
		DF9B3AA51FE91F9E006CE0D8 /* DMNavigationController.h */ = {isa = PBXFileReference; lastKnownFileType = sourcecode.c.h; path = DMNavigationController.h; sourceTree = "<group>"; };
		DF9B3AA61FE91F9E006CE0D8 /* DMNavigationController.m */ = {isa = PBXFileReference; lastKnownFileType = sourcecode.c.objc; path = DMNavigationController.m; sourceTree = "<group>"; };
		DF9B3AA91FE91FEA006CE0D8 /* DMBaseViewController.h */ = {isa = PBXFileReference; lastKnownFileType = sourcecode.c.h; path = DMBaseViewController.h; sourceTree = "<group>"; };
		DF9B3AAA1FE91FEA006CE0D8 /* DMBaseViewController.m */ = {isa = PBXFileReference; lastKnownFileType = sourcecode.c.objc; path = DMBaseViewController.m; sourceTree = "<group>"; };
		DF9B3AAD1FE923AA006CE0D8 /* DMLinearViewController.h */ = {isa = PBXFileReference; lastKnownFileType = sourcecode.c.h; path = DMLinearViewController.h; sourceTree = "<group>"; };
		DF9B3AAE1FE923AA006CE0D8 /* DMLinearViewController.m */ = {isa = PBXFileReference; lastKnownFileType = sourcecode.c.objc; path = DMLinearViewController.m; sourceTree = "<group>"; };
		DFCEFB9C1FE9F7AA005E2C13 /* DMResultCode.h */ = {isa = PBXFileReference; fileEncoding = 4; lastKnownFileType = sourcecode.c.h; path = DMResultCode.h; sourceTree = "<group>"; };
		DFCEFB9E1FE9F7EB005E2C13 /* DMWeakReferencesArray.h */ = {isa = PBXFileReference; fileEncoding = 4; lastKnownFileType = sourcecode.c.h; path = DMWeakReferencesArray.h; sourceTree = "<group>"; };
		DFCEFB9F1FE9F7EB005E2C13 /* DMWeakReferencesArray.m */ = {isa = PBXFileReference; fileEncoding = 4; lastKnownFileType = sourcecode.c.objc; path = DMWeakReferencesArray.m; sourceTree = "<group>"; };
		DFCEFBA21FE9F815005E2C13 /* DMJson.h */ = {isa = PBXFileReference; lastKnownFileType = sourcecode.c.h; path = DMJson.h; sourceTree = "<group>"; };
		DFCEFBA31FE9F815005E2C13 /* DMJson.m */ = {isa = PBXFileReference; lastKnownFileType = sourcecode.c.objc; path = DMJson.m; sourceTree = "<group>"; };
		DFCEFBA61FE9F868005E2C13 /* NSString+DMMD5.h */ = {isa = PBXFileReference; lastKnownFileType = sourcecode.c.h; path = "NSString+DMMD5.h"; sourceTree = "<group>"; };
		DFCEFBA71FE9F868005E2C13 /* NSString+DMMD5.m */ = {isa = PBXFileReference; lastKnownFileType = sourcecode.c.objc; path = "NSString+DMMD5.m"; sourceTree = "<group>"; };
		DFCEFBAA1FE9F981005E2C13 /* UIColor+DMDefine.h */ = {isa = PBXFileReference; lastKnownFileType = sourcecode.c.h; path = "UIColor+DMDefine.h"; sourceTree = "<group>"; };
		DFCEFBAB1FE9F981005E2C13 /* UIColor+DMDefine.m */ = {isa = PBXFileReference; lastKnownFileType = sourcecode.c.objc; path = "UIColor+DMDefine.m"; sourceTree = "<group>"; };
		DFCEFBAE1FE9FA05005E2C13 /* UIImage+DMColor.h */ = {isa = PBXFileReference; lastKnownFileType = sourcecode.c.h; path = "UIImage+DMColor.h"; sourceTree = "<group>"; };
		DFCEFBAF1FE9FA05005E2C13 /* UIImage+DMColor.m */ = {isa = PBXFileReference; lastKnownFileType = sourcecode.c.objc; path = "UIImage+DMColor.m"; sourceTree = "<group>"; };
		DFCEFBB21FE9FA69005E2C13 /* DMGlobal.h */ = {isa = PBXFileReference; lastKnownFileType = sourcecode.c.h; path = DMGlobal.h; sourceTree = "<group>"; };
		DFCEFBB31FE9FA69005E2C13 /* DMGlobal.m */ = {isa = PBXFileReference; lastKnownFileType = sourcecode.c.objc; path = DMGlobal.m; sourceTree = "<group>"; };
		DFCEFCE31FEA0EDC005E2C13 /* DMDatePickerView.h */ = {isa = PBXFileReference; fileEncoding = 4; lastKnownFileType = sourcecode.c.h; path = DMDatePickerView.h; sourceTree = "<group>"; };
		DFCEFCE41FEA0EDC005E2C13 /* DMDatePickerView.m */ = {isa = PBXFileReference; fileEncoding = 4; lastKnownFileType = sourcecode.c.objc; path = DMDatePickerView.m; sourceTree = "<group>"; };
		DFCEFCE51FEA0EDC005E2C13 /* DMDetailView.h */ = {isa = PBXFileReference; fileEncoding = 4; lastKnownFileType = sourcecode.c.h; path = DMDetailView.h; sourceTree = "<group>"; };
		DFCEFCE61FEA0EDC005E2C13 /* DMDetailView.m */ = {isa = PBXFileReference; fileEncoding = 4; lastKnownFileType = sourcecode.c.objc; path = DMDetailView.m; sourceTree = "<group>"; };
		DFCEFCE71FEA0EDC005E2C13 /* DMEntryCommitView.h */ = {isa = PBXFileReference; fileEncoding = 4; lastKnownFileType = sourcecode.c.h; path = DMEntryCommitView.h; sourceTree = "<group>"; };
		DFCEFCE81FEA0EDC005E2C13 /* DMEntryCommitView.m */ = {isa = PBXFileReference; fileEncoding = 4; lastKnownFileType = sourcecode.c.objc; path = DMEntryCommitView.m; sourceTree = "<group>"; };
		DFCEFCE91FEA0EDC005E2C13 /* DMEntrySelectView.h */ = {isa = PBXFileReference; fileEncoding = 4; lastKnownFileType = sourcecode.c.h; path = DMEntrySelectView.h; sourceTree = "<group>"; };
		DFCEFCEA1FEA0EDC005E2C13 /* DMEntrySelectView.m */ = {isa = PBXFileReference; fileEncoding = 4; lastKnownFileType = sourcecode.c.objc; path = DMEntrySelectView.m; sourceTree = "<group>"; };
		DFCEFCEB1FEA0EDC005E2C13 /* DMEntryView.h */ = {isa = PBXFileReference; fileEncoding = 4; lastKnownFileType = sourcecode.c.h; path = DMEntryView.h; sourceTree = "<group>"; };
		DFCEFCEC1FEA0EDC005E2C13 /* DMEntryView.m */ = {isa = PBXFileReference; fileEncoding = 4; lastKnownFileType = sourcecode.c.objc; path = DMEntryView.m; sourceTree = "<group>"; };
		DFCEFCED1FEA0EDC005E2C13 /* DMMarqueeView.h */ = {isa = PBXFileReference; fileEncoding = 4; lastKnownFileType = sourcecode.c.h; path = DMMarqueeView.h; sourceTree = "<group>"; };
		DFCEFCEE1FEA0EDC005E2C13 /* DMMarqueeView.m */ = {isa = PBXFileReference; fileEncoding = 4; lastKnownFileType = sourcecode.c.objc; path = DMMarqueeView.m; sourceTree = "<group>"; };
		DFCEFCEF1FEA0EDC005E2C13 /* DMMultiLineTextView.h */ = {isa = PBXFileReference; fileEncoding = 4; lastKnownFileType = sourcecode.c.h; path = DMMultiLineTextView.h; sourceTree = "<group>"; };
		DFCEFCF01FEA0EDC005E2C13 /* DMMultiLineTextView.m */ = {isa = PBXFileReference; fileEncoding = 4; lastKnownFileType = sourcecode.c.objc; path = DMMultiLineTextView.m; sourceTree = "<group>"; };
		DFCEFCF11FEA0EDC005E2C13 /* DMMultiLineView.h */ = {isa = PBXFileReference; fileEncoding = 4; lastKnownFileType = sourcecode.c.h; path = DMMultiLineView.h; sourceTree = "<group>"; };
		DFCEFCF21FEA0EDC005E2C13 /* DMMultiLineView.m */ = {isa = PBXFileReference; fileEncoding = 4; lastKnownFileType = sourcecode.c.objc; path = DMMultiLineView.m; sourceTree = "<group>"; };
		DFCEFCF31FEA0EDC005E2C13 /* DMPickerView.h */ = {isa = PBXFileReference; fileEncoding = 4; lastKnownFileType = sourcecode.c.h; path = DMPickerView.h; sourceTree = "<group>"; };
		DFCEFCF41FEA0EDC005E2C13 /* DMPickerView.m */ = {isa = PBXFileReference; fileEncoding = 4; lastKnownFileType = sourcecode.c.objc; path = DMPickerView.m; sourceTree = "<group>"; };
		DFCEFCF51FEA0EDC005E2C13 /* DMSelectItemView.h */ = {isa = PBXFileReference; fileEncoding = 4; lastKnownFileType = sourcecode.c.h; path = DMSelectItemView.h; sourceTree = "<group>"; };
		DFCEFCF61FEA0EDC005E2C13 /* DMSelectItemView.m */ = {isa = PBXFileReference; fileEncoding = 4; lastKnownFileType = sourcecode.c.objc; path = DMSelectItemView.m; sourceTree = "<group>"; };
		DFCEFCF71FEA0EDC005E2C13 /* DMSingleTextView.h */ = {isa = PBXFileReference; fileEncoding = 4; lastKnownFileType = sourcecode.c.h; path = DMSingleTextView.h; sourceTree = "<group>"; };
		DFCEFCF81FEA0EDC005E2C13 /* DMSingleTextView.m */ = {isa = PBXFileReference; fileEncoding = 4; lastKnownFileType = sourcecode.c.objc; path = DMSingleTextView.m; sourceTree = "<group>"; };
		DFCEFCF91FEA0EDC005E2C13 /* DMSingleView.h */ = {isa = PBXFileReference; fileEncoding = 4; lastKnownFileType = sourcecode.c.h; path = DMSingleView.h; sourceTree = "<group>"; };
		DFCEFCFA1FEA0EDC005E2C13 /* DMSingleView.m */ = {isa = PBXFileReference; fileEncoding = 4; lastKnownFileType = sourcecode.c.objc; path = DMSingleView.m; sourceTree = "<group>"; };
		DFCEFCFB1FEA0EDC005E2C13 /* DMSwitchView.h */ = {isa = PBXFileReference; fileEncoding = 4; lastKnownFileType = sourcecode.c.h; path = DMSwitchView.h; sourceTree = "<group>"; };
		DFCEFCFC1FEA0EDC005E2C13 /* DMSwitchView.m */ = {isa = PBXFileReference; fileEncoding = 4; lastKnownFileType = sourcecode.c.objc; path = DMSwitchView.m; sourceTree = "<group>"; };
		DFCEFCFD1FEA0EDC005E2C13 /* DMTaskOperatorView.h */ = {isa = PBXFileReference; fileEncoding = 4; lastKnownFileType = sourcecode.c.h; path = DMTaskOperatorView.h; sourceTree = "<group>"; };
		DFCEFCFE1FEA0EDC005E2C13 /* DMTaskOperatorView.m */ = {isa = PBXFileReference; fileEncoding = 4; lastKnownFileType = sourcecode.c.objc; path = DMTaskOperatorView.m; sourceTree = "<group>"; };
		DFCEFD231FEA0F4E005E2C13 /* PrefixHeader.pch */ = {isa = PBXFileReference; lastKnownFileType = sourcecode.c.h; path = PrefixHeader.pch; sourceTree = "<group>"; };
		DFCEFD241FEA10D5005E2C13 /* NSString+DMFont.h */ = {isa = PBXFileReference; lastKnownFileType = sourcecode.c.h; path = "NSString+DMFont.h"; sourceTree = "<group>"; };
		DFCEFD251FEA10D5005E2C13 /* NSString+DMFont.m */ = {isa = PBXFileReference; lastKnownFileType = sourcecode.c.objc; path = "NSString+DMFont.m"; sourceTree = "<group>"; };
		DFCEFD371FEA1388005E2C13 /* AppBaseManager.h */ = {isa = PBXFileReference; fileEncoding = 4; lastKnownFileType = sourcecode.c.h; path = AppBaseManager.h; sourceTree = "<group>"; };
		DFCEFD381FEA1388005E2C13 /* AppBaseManager.m */ = {isa = PBXFileReference; fileEncoding = 4; lastKnownFileType = sourcecode.c.objc; path = AppBaseManager.m; sourceTree = "<group>"; };
		DFCEFD411FEA1388005E2C13 /* UIApplication+DMManager.h */ = {isa = PBXFileReference; fileEncoding = 4; lastKnownFileType = sourcecode.c.h; path = "UIApplication+DMManager.h"; sourceTree = "<group>"; };
		DFCEFD421FEA1388005E2C13 /* UIApplication+DMManager.m */ = {isa = PBXFileReference; fileEncoding = 4; lastKnownFileType = sourcecode.c.objc; path = "UIApplication+DMManager.m"; sourceTree = "<group>"; };
		DFCEFD431FEA1388005E2C13 /* UIApplicationManagerDelegate.h */ = {isa = PBXFileReference; fileEncoding = 4; lastKnownFileType = sourcecode.c.h; path = UIApplicationManagerDelegate.h; sourceTree = "<group>"; };
		DFCEFD541FEA3AAC005E2C13 /* FMDB.framework */ = {isa = PBXFileReference; lastKnownFileType = wrapper.framework; name = FMDB.framework; path = ../lib/FMDB/FMDB.framework; sourceTree = "<group>"; };
/* End PBXFileReference section */

/* Begin PBXFrameworksBuildPhase section */
		DF0B7F651FE7D0D60045DFF2 /* Frameworks */ = {
			isa = PBXFrameworksBuildPhase;
			buildActionMask = 2147483647;
			files = (
				B13C8A54A699442C77D8C51B /* Pods_AppManager.framework in Frameworks */,
			);
			runOnlyForDeploymentPostprocessing = 0;
		};
/* End PBXFrameworksBuildPhase section */

/* Begin PBXGroup section */
		AF61DD8545C537C6488CEA02 /* Pods */ = {
			isa = PBXGroup;
			children = (
				4D7FD05FA4B83F33D39911A6 /* Pods-AppManager.debug.xcconfig */,
				8676EAC7710E1F0A7945ED0A /* Pods-AppManager.release.xcconfig */,
			);
			name = Pods;
			sourceTree = "<group>";
		};
		D0B26333C993B803668C417E /* Frameworks */ = {
			isa = PBXGroup;
			children = (
				DFCEFD541FEA3AAC005E2C13 /* FMDB.framework */,
				137A0B5B306D9C3930F38726 /* Pods_AppManager.framework */,
			);
			name = Frameworks;
			sourceTree = "<group>";
		};
		DF0B7F5F1FE7D0D60045DFF2 = {
			isa = PBXGroup;
			children = (
				DF0B7F6B1FE7D0D60045DFF2 /* AppManager */,
				DF0B7F6A1FE7D0D60045DFF2 /* Products */,
				AF61DD8545C537C6488CEA02 /* Pods */,
				D0B26333C993B803668C417E /* Frameworks */,
			);
			sourceTree = "<group>";
		};
		DF0B7F6A1FE7D0D60045DFF2 /* Products */ = {
			isa = PBXGroup;
			children = (
				DF0B7F691FE7D0D60045DFF2 /* AppManager.framework */,
			);
			name = Products;
			sourceTree = "<group>";
		};
		DF0B7F6B1FE7D0D60045DFF2 /* AppManager */ = {
			isa = PBXGroup;
			children = (
				DFCEFD311FEA1388005E2C13 /* Manager */,
				DFCEFCE21FEA0EDC005E2C13 /* View */,
				DFCEFB9A1FE9F7AA005E2C13 /* Utils */,
				DF9B3AA41FE91F6D006CE0D8 /* Base */,
				DF9B3A901FE904E9006CE0D8 /* Network */,
				DF9B3A871FE8F16D006CE0D8 /* AppDefine.h */,
				DF0B7F6C1FE7D0D60045DFF2 /* AppManager.h */,
				DF0B7F6D1FE7D0D60045DFF2 /* Info.plist */,
				DFCEFD231FEA0F4E005E2C13 /* PrefixHeader.pch */,
			);
			path = AppManager;
			sourceTree = "<group>";
		};
		DF9B3A901FE904E9006CE0D8 /* Network */ = {
			isa = PBXGroup;
			children = (
				DF9B3A911FE904E9006CE0D8 /* DMNetworkManager.h */,
				DF9B3A921FE904E9006CE0D8 /* DMNetworkManager.m */,
				DF9B3A931FE904E9006CE0D8 /* Reachability.h */,
				DF9B3A941FE904E9006CE0D8 /* Reachability.m */,
			);
			path = Network;
			sourceTree = "<group>";
		};
		DF9B3AA41FE91F6D006CE0D8 /* Base */ = {
			isa = PBXGroup;
			children = (
				DF9B3AA51FE91F9E006CE0D8 /* DMNavigationController.h */,
				DF9B3AA61FE91F9E006CE0D8 /* DMNavigationController.m */,
				DF9B3AA91FE91FEA006CE0D8 /* DMBaseViewController.h */,
				DF9B3AAA1FE91FEA006CE0D8 /* DMBaseViewController.m */,
				DF9B3AAD1FE923AA006CE0D8 /* DMLinearViewController.h */,
				DF9B3AAE1FE923AA006CE0D8 /* DMLinearViewController.m */,
			);
			path = Base;
			sourceTree = "<group>";
		};
		DFCEFB9A1FE9F7AA005E2C13 /* Utils */ = {
			isa = PBXGroup;
			children = (
				DFCEFB9B1FE9F7AA005E2C13 /* Common */,
			);
			path = Utils;
			sourceTree = "<group>";
		};
		DFCEFB9B1FE9F7AA005E2C13 /* Common */ = {
			isa = PBXGroup;
			children = (
				DFCEFB9E1FE9F7EB005E2C13 /* DMWeakReferencesArray.h */,
				DFCEFB9F1FE9F7EB005E2C13 /* DMWeakReferencesArray.m */,
				DFCEFB9C1FE9F7AA005E2C13 /* DMResultCode.h */,
				DFCEFBA21FE9F815005E2C13 /* DMJson.h */,
				DFCEFBA31FE9F815005E2C13 /* DMJson.m */,
				DFCEFBA61FE9F868005E2C13 /* NSString+DMMD5.h */,
				DFCEFBA71FE9F868005E2C13 /* NSString+DMMD5.m */,
				DFCEFBAA1FE9F981005E2C13 /* UIColor+DMDefine.h */,
				DFCEFBAB1FE9F981005E2C13 /* UIColor+DMDefine.m */,
				DFCEFBAE1FE9FA05005E2C13 /* UIImage+DMColor.h */,
				DFCEFBAF1FE9FA05005E2C13 /* UIImage+DMColor.m */,
				DFCEFBB21FE9FA69005E2C13 /* DMGlobal.h */,
				DFCEFBB31FE9FA69005E2C13 /* DMGlobal.m */,
				DFCEFD241FEA10D5005E2C13 /* NSString+DMFont.h */,
				DFCEFD251FEA10D5005E2C13 /* NSString+DMFont.m */,
			);
			path = Common;
			sourceTree = "<group>";
		};
		DFCEFCE21FEA0EDC005E2C13 /* View */ = {
			isa = PBXGroup;
			children = (
				DFCEFCE31FEA0EDC005E2C13 /* DMDatePickerView.h */,
				DFCEFCE41FEA0EDC005E2C13 /* DMDatePickerView.m */,
				DFCEFCE51FEA0EDC005E2C13 /* DMDetailView.h */,
				DFCEFCE61FEA0EDC005E2C13 /* DMDetailView.m */,
				DFCEFCE71FEA0EDC005E2C13 /* DMEntryCommitView.h */,
				DFCEFCE81FEA0EDC005E2C13 /* DMEntryCommitView.m */,
				DFCEFCE91FEA0EDC005E2C13 /* DMEntrySelectView.h */,
				DFCEFCEA1FEA0EDC005E2C13 /* DMEntrySelectView.m */,
				DFCEFCEB1FEA0EDC005E2C13 /* DMEntryView.h */,
				DFCEFCEC1FEA0EDC005E2C13 /* DMEntryView.m */,
				DFCEFCED1FEA0EDC005E2C13 /* DMMarqueeView.h */,
				DFCEFCEE1FEA0EDC005E2C13 /* DMMarqueeView.m */,
				DFCEFCEF1FEA0EDC005E2C13 /* DMMultiLineTextView.h */,
				DFCEFCF01FEA0EDC005E2C13 /* DMMultiLineTextView.m */,
				DFCEFCF11FEA0EDC005E2C13 /* DMMultiLineView.h */,
				DFCEFCF21FEA0EDC005E2C13 /* DMMultiLineView.m */,
				DFCEFCF31FEA0EDC005E2C13 /* DMPickerView.h */,
				DFCEFCF41FEA0EDC005E2C13 /* DMPickerView.m */,
				DFCEFCF51FEA0EDC005E2C13 /* DMSelectItemView.h */,
				DFCEFCF61FEA0EDC005E2C13 /* DMSelectItemView.m */,
				DFCEFCF71FEA0EDC005E2C13 /* DMSingleTextView.h */,
				DFCEFCF81FEA0EDC005E2C13 /* DMSingleTextView.m */,
				DFCEFCF91FEA0EDC005E2C13 /* DMSingleView.h */,
				DFCEFCFA1FEA0EDC005E2C13 /* DMSingleView.m */,
				DFCEFCFB1FEA0EDC005E2C13 /* DMSwitchView.h */,
				DFCEFCFC1FEA0EDC005E2C13 /* DMSwitchView.m */,
				DFCEFCFD1FEA0EDC005E2C13 /* DMTaskOperatorView.h */,
				DFCEFCFE1FEA0EDC005E2C13 /* DMTaskOperatorView.m */,
			);
			path = View;
			sourceTree = "<group>";
		};
		DFCEFD311FEA1388005E2C13 /* Manager */ = {
			isa = PBXGroup;
			children = (
				DFCEFD371FEA1388005E2C13 /* AppBaseManager.h */,
				DFCEFD381FEA1388005E2C13 /* AppBaseManager.m */,
				DFCEFD411FEA1388005E2C13 /* UIApplication+DMManager.h */,
				DFCEFD421FEA1388005E2C13 /* UIApplication+DMManager.m */,
				DFCEFD431FEA1388005E2C13 /* UIApplicationManagerDelegate.h */,
			);
			path = Manager;
			sourceTree = "<group>";
		};
/* End PBXGroup section */

/* Begin PBXHeadersBuildPhase section */
		DF0B7F661FE7D0D60045DFF2 /* Headers */ = {
			isa = PBXHeadersBuildPhase;
			buildActionMask = 2147483647;
			files = (
				DF0B7F6E1FE7D0D60045DFF2 /* AppManager.h in Headers */,
				DF9B3A971FE904E9006CE0D8 /* Reachability.h in Headers */,
				DF9B3A951FE904E9006CE0D8 /* DMNetworkManager.h in Headers */,
				DF9B3AAB1FE91FEA006CE0D8 /* DMBaseViewController.h in Headers */,
				DFCEFD1B1FEA0EDC005E2C13 /* DMSwitchView.h in Headers */,
				DFCEFD091FEA0EDC005E2C13 /* DMEntrySelectView.h in Headers */,
				DFCEFD191FEA0EDC005E2C13 /* DMSingleView.h in Headers */,
				DFCEFD031FEA0EDC005E2C13 /* DMDatePickerView.h in Headers */,
				DFCEFD0D1FEA0EDC005E2C13 /* DMMarqueeView.h in Headers */,
				DFCEFD481FEA1388005E2C13 /* AppBaseManager.h in Headers */,
				DFCEFD131FEA0EDC005E2C13 /* DMPickerView.h in Headers */,
				DFCEFD171FEA0EDC005E2C13 /* DMSingleTextView.h in Headers */,
				DFCEFD071FEA0EDC005E2C13 /* DMEntryCommitView.h in Headers */,
				DFCEFD111FEA0EDC005E2C13 /* DMMultiLineView.h in Headers */,
				DFCEFD261FEA10D5005E2C13 /* NSString+DMFont.h in Headers */,
				DFCEFD151FEA0EDC005E2C13 /* DMSelectItemView.h in Headers */,
				DFCEFD1D1FEA0EDC005E2C13 /* DMTaskOperatorView.h in Headers */,
				DFCEFD0B1FEA0EDC005E2C13 /* DMEntryView.h in Headers */,
				DFCEFD051FEA0EDC005E2C13 /* DMDetailView.h in Headers */,
				DFCEFD0F1FEA0EDC005E2C13 /* DMMultiLineTextView.h in Headers */,
				DFCEFD531FEA1388005E2C13 /* UIApplicationManagerDelegate.h in Headers */,
				DFCEFD511FEA1388005E2C13 /* UIApplication+DMManager.h in Headers */,
				DFCEFBB01FE9FA05005E2C13 /* UIImage+DMColor.h in Headers */,
				DFCEFBA01FE9F7EB005E2C13 /* DMWeakReferencesArray.h in Headers */,
				DFCEFBAC1FE9F981005E2C13 /* UIColor+DMDefine.h in Headers */,
				DFCEFBA81FE9F868005E2C13 /* NSString+DMMD5.h in Headers */,
				DFCEFBA41FE9F815005E2C13 /* DMJson.h in Headers */,
				DFCEFB9D1FE9F7AA005E2C13 /* DMResultCode.h in Headers */,
				DFCEFBB41FE9FA69005E2C13 /* DMGlobal.h in Headers */,
				DF9B3AAF1FE923AA006CE0D8 /* DMLinearViewController.h in Headers */,
				DF9B3AA71FE91F9E006CE0D8 /* DMNavigationController.h in Headers */,
				DF9B3A881FE8F16D006CE0D8 /* AppDefine.h in Headers */,
			);
			runOnlyForDeploymentPostprocessing = 0;
		};
/* End PBXHeadersBuildPhase section */

/* Begin PBXNativeTarget section */
		DF0B7F681FE7D0D60045DFF2 /* AppManager */ = {
			isa = PBXNativeTarget;
			buildConfigurationList = DF0B7F711FE7D0D60045DFF2 /* Build configuration list for PBXNativeTarget "AppManager" */;
			buildPhases = (
				CF2AF6CC0D9A2A0E5B2B35CD /* [CP] Check Pods Manifest.lock */,
				DF0B7F641FE7D0D60045DFF2 /* Sources */,
				DF0B7F651FE7D0D60045DFF2 /* Frameworks */,
				DF0B7F661FE7D0D60045DFF2 /* Headers */,
				DF0B7F671FE7D0D60045DFF2 /* Resources */,
				9EF07EE4A111F379F39C6FE4 /* [CP] Copy Pods Resources */,
			);
			buildRules = (
			);
			dependencies = (
			);
			name = AppManager;
			productName = AppManagerFramework;
			productReference = DF0B7F691FE7D0D60045DFF2 /* AppManager.framework */;
			productType = "com.apple.product-type.framework";
		};
/* End PBXNativeTarget section */

/* Begin PBXProject section */
		DF0B7F601FE7D0D60045DFF2 /* Project object */ = {
			isa = PBXProject;
			attributes = {
				LastUpgradeCheck = 0910;
				ORGANIZATIONNAME = "fujl-mac";
				TargetAttributes = {
					DF0B7F681FE7D0D60045DFF2 = {
						CreatedOnToolsVersion = 9.1;
						ProvisioningStyle = Automatic;
					};
				};
			};
			buildConfigurationList = DF0B7F631FE7D0D60045DFF2 /* Build configuration list for PBXProject "AppManager" */;
			compatibilityVersion = "Xcode 8.0";
			developmentRegion = en;
			hasScannedForEncodings = 0;
			knownRegions = (
				en,
			);
			mainGroup = DF0B7F5F1FE7D0D60045DFF2;
			productRefGroup = DF0B7F6A1FE7D0D60045DFF2 /* Products */;
			projectDirPath = "";
			projectRoot = "";
			targets = (
				DF0B7F681FE7D0D60045DFF2 /* AppManager */,
			);
		};
/* End PBXProject section */

/* Begin PBXResourcesBuildPhase section */
		DF0B7F671FE7D0D60045DFF2 /* Resources */ = {
			isa = PBXResourcesBuildPhase;
			buildActionMask = 2147483647;
			files = (
			);
			runOnlyForDeploymentPostprocessing = 0;
		};
/* End PBXResourcesBuildPhase section */

/* Begin PBXShellScriptBuildPhase section */
		9EF07EE4A111F379F39C6FE4 /* [CP] Copy Pods Resources */ = {
			isa = PBXShellScriptBuildPhase;
			buildActionMask = 2147483647;
			files = (
			);
			inputPaths = (
			);
			name = "[CP] Copy Pods Resources";
			outputPaths = (
			);
			runOnlyForDeploymentPostprocessing = 0;
			shellPath = /bin/sh;
			shellScript = "\"${SRCROOT}/Pods/Target Support Files/Pods-AppManager/Pods-AppManager-resources.sh\"\n";
			showEnvVarsInLog = 0;
		};
		CF2AF6CC0D9A2A0E5B2B35CD /* [CP] Check Pods Manifest.lock */ = {
			isa = PBXShellScriptBuildPhase;
			buildActionMask = 2147483647;
			files = (
			);
			inputPaths = (
				"${PODS_PODFILE_DIR_PATH}/Podfile.lock",
				"${PODS_ROOT}/Manifest.lock",
			);
			name = "[CP] Check Pods Manifest.lock";
			outputPaths = (
				"$(DERIVED_FILE_DIR)/Pods-AppManager-checkManifestLockResult.txt",
			);
			runOnlyForDeploymentPostprocessing = 0;
			shellPath = /bin/sh;
			shellScript = "diff \"${PODS_PODFILE_DIR_PATH}/Podfile.lock\" \"${PODS_ROOT}/Manifest.lock\" > /dev/null\nif [ $? != 0 ] ; then\n    # print error to STDERR\n    echo \"error: The sandbox is not in sync with the Podfile.lock. Run 'pod install' or update your CocoaPods installation.\" >&2\n    exit 1\nfi\n# This output is used by Xcode 'outputs' to avoid re-running this script phase.\necho \"SUCCESS\" > \"${SCRIPT_OUTPUT_FILE_0}\"\n";
			showEnvVarsInLog = 0;
		};
/* End PBXShellScriptBuildPhase section */

/* Begin PBXSourcesBuildPhase section */
		DF0B7F641FE7D0D60045DFF2 /* Sources */ = {
			isa = PBXSourcesBuildPhase;
			buildActionMask = 2147483647;
			files = (
				DFCEFD271FEA10D5005E2C13 /* NSString+DMFont.m in Sources */,
				DFCEFD521FEA1388005E2C13 /* UIApplication+DMManager.m in Sources */,
				DFCEFD1A1FEA0EDC005E2C13 /* DMSingleView.m in Sources */,
				DFCEFD061FEA0EDC005E2C13 /* DMDetailView.m in Sources */,
				DFCEFD141FEA0EDC005E2C13 /* DMPickerView.m in Sources */,
				DFCEFD1C1FEA0EDC005E2C13 /* DMSwitchView.m in Sources */,
				DFCEFD121FEA0EDC005E2C13 /* DMMultiLineView.m in Sources */,
				DF9B3A961FE904E9006CE0D8 /* DMNetworkManager.m in Sources */,
				DFCEFBB11FE9FA05005E2C13 /* UIImage+DMColor.m in Sources */,
				DFCEFBB51FE9FA69005E2C13 /* DMGlobal.m in Sources */,
				DFCEFD0C1FEA0EDC005E2C13 /* DMEntryView.m in Sources */,
				DFCEFD041FEA0EDC005E2C13 /* DMDatePickerView.m in Sources */,
				DFCEFD081FEA0EDC005E2C13 /* DMEntryCommitView.m in Sources */,
				DFCEFBA11FE9F7EB005E2C13 /* DMWeakReferencesArray.m in Sources */,
				DF9B3AA81FE91F9E006CE0D8 /* DMNavigationController.m in Sources */,
				DFCEFD0A1FEA0EDC005E2C13 /* DMEntrySelectView.m in Sources */,
				DFCEFBAD1FE9F981005E2C13 /* UIColor+DMDefine.m in Sources */,
				DFCEFD101FEA0EDC005E2C13 /* DMMultiLineTextView.m in Sources */,
				DFCEFD0E1FEA0EDC005E2C13 /* DMMarqueeView.m in Sources */,
				DFCEFD181FEA0EDC005E2C13 /* DMSingleTextView.m in Sources */,
				DF9B3AB01FE923AA006CE0D8 /* DMLinearViewController.m in Sources */,
				DF9B3A981FE904E9006CE0D8 /* Reachability.m in Sources */,
				DFCEFD491FEA1388005E2C13 /* AppBaseManager.m in Sources */,
				DFCEFBA91FE9F868005E2C13 /* NSString+DMMD5.m in Sources */,
				DFCEFD161FEA0EDC005E2C13 /* DMSelectItemView.m in Sources */,
				DFCEFBA51FE9F815005E2C13 /* DMJson.m in Sources */,
				DFCEFD1E1FEA0EDC005E2C13 /* DMTaskOperatorView.m in Sources */,
				DF9B3AAC1FE91FEA006CE0D8 /* DMBaseViewController.m in Sources */,
			);
			runOnlyForDeploymentPostprocessing = 0;
		};
/* End PBXSourcesBuildPhase section */

/* Begin XCBuildConfiguration section */
		DF0B7F6F1FE7D0D60045DFF2 /* Debug */ = {
			isa = XCBuildConfiguration;
			buildSettings = {
				ALWAYS_SEARCH_USER_PATHS = NO;
				CLANG_ANALYZER_NONNULL = YES;
				CLANG_ANALYZER_NUMBER_OBJECT_CONVERSION = YES_AGGRESSIVE;
				CLANG_CXX_LANGUAGE_STANDARD = "gnu++14";
				CLANG_CXX_LIBRARY = "libc++";
				CLANG_ENABLE_MODULES = YES;
				CLANG_ENABLE_OBJC_ARC = YES;
				CLANG_WARN_BLOCK_CAPTURE_AUTORELEASING = YES;
				CLANG_WARN_BOOL_CONVERSION = YES;
				CLANG_WARN_COMMA = YES;
				CLANG_WARN_CONSTANT_CONVERSION = YES;
				CLANG_WARN_DIRECT_OBJC_ISA_USAGE = YES_ERROR;
				CLANG_WARN_DOCUMENTATION_COMMENTS = YES;
				CLANG_WARN_EMPTY_BODY = YES;
				CLANG_WARN_ENUM_CONVERSION = YES;
				CLANG_WARN_INFINITE_RECURSION = YES;
				CLANG_WARN_INT_CONVERSION = YES;
				CLANG_WARN_NON_LITERAL_NULL_CONVERSION = YES;
				CLANG_WARN_OBJC_LITERAL_CONVERSION = YES;
				CLANG_WARN_OBJC_ROOT_CLASS = YES_ERROR;
				CLANG_WARN_RANGE_LOOP_ANALYSIS = YES;
				CLANG_WARN_STRICT_PROTOTYPES = YES;
				CLANG_WARN_SUSPICIOUS_MOVE = YES;
				CLANG_WARN_UNGUARDED_AVAILABILITY = YES_AGGRESSIVE;
				CLANG_WARN_UNREACHABLE_CODE = YES;
				CLANG_WARN__DUPLICATE_METHOD_MATCH = YES;
				CODE_SIGN_IDENTITY = "iPhone Developer";
				COPY_PHASE_STRIP = NO;
				CURRENT_PROJECT_VERSION = 1;
				DEBUG_INFORMATION_FORMAT = dwarf;
				ENABLE_STRICT_OBJC_MSGSEND = YES;
				ENABLE_TESTABILITY = YES;
				GCC_C_LANGUAGE_STANDARD = gnu11;
				GCC_DYNAMIC_NO_PIC = NO;
				GCC_NO_COMMON_BLOCKS = YES;
				GCC_OPTIMIZATION_LEVEL = 0;
				GCC_PREPROCESSOR_DEFINITIONS = (
					"DEBUG=1",
					"$(inherited)",
				);
				GCC_WARN_64_TO_32_BIT_CONVERSION = YES;
				GCC_WARN_ABOUT_RETURN_TYPE = YES_ERROR;
				GCC_WARN_UNDECLARED_SELECTOR = YES;
				GCC_WARN_UNINITIALIZED_AUTOS = YES_AGGRESSIVE;
				GCC_WARN_UNUSED_FUNCTION = YES;
				GCC_WARN_UNUSED_VARIABLE = YES;
				IPHONEOS_DEPLOYMENT_TARGET = 11.1;
				MTL_ENABLE_DEBUG_INFO = YES;
				ONLY_ACTIVE_ARCH = YES;
				SDKROOT = iphoneos;
				VERSIONING_SYSTEM = "apple-generic";
				VERSION_INFO_PREFIX = "";
			};
			name = Debug;
		};
		DF0B7F701FE7D0D60045DFF2 /* Release */ = {
			isa = XCBuildConfiguration;
			buildSettings = {
				ALWAYS_SEARCH_USER_PATHS = NO;
				CLANG_ANALYZER_NONNULL = YES;
				CLANG_ANALYZER_NUMBER_OBJECT_CONVERSION = YES_AGGRESSIVE;
				CLANG_CXX_LANGUAGE_STANDARD = "gnu++14";
				CLANG_CXX_LIBRARY = "libc++";
				CLANG_ENABLE_MODULES = YES;
				CLANG_ENABLE_OBJC_ARC = YES;
				CLANG_WARN_BLOCK_CAPTURE_AUTORELEASING = YES;
				CLANG_WARN_BOOL_CONVERSION = YES;
				CLANG_WARN_COMMA = YES;
				CLANG_WARN_CONSTANT_CONVERSION = YES;
				CLANG_WARN_DIRECT_OBJC_ISA_USAGE = YES_ERROR;
				CLANG_WARN_DOCUMENTATION_COMMENTS = YES;
				CLANG_WARN_EMPTY_BODY = YES;
				CLANG_WARN_ENUM_CONVERSION = YES;
				CLANG_WARN_INFINITE_RECURSION = YES;
				CLANG_WARN_INT_CONVERSION = YES;
				CLANG_WARN_NON_LITERAL_NULL_CONVERSION = YES;
				CLANG_WARN_OBJC_LITERAL_CONVERSION = YES;
				CLANG_WARN_OBJC_ROOT_CLASS = YES_ERROR;
				CLANG_WARN_RANGE_LOOP_ANALYSIS = YES;
				CLANG_WARN_STRICT_PROTOTYPES = YES;
				CLANG_WARN_SUSPICIOUS_MOVE = YES;
				CLANG_WARN_UNGUARDED_AVAILABILITY = YES_AGGRESSIVE;
				CLANG_WARN_UNREACHABLE_CODE = YES;
				CLANG_WARN__DUPLICATE_METHOD_MATCH = YES;
				CODE_SIGN_IDENTITY = "iPhone Developer";
				COPY_PHASE_STRIP = NO;
				CURRENT_PROJECT_VERSION = 1;
				DEBUG_INFORMATION_FORMAT = "dwarf-with-dsym";
				ENABLE_NS_ASSERTIONS = NO;
				ENABLE_STRICT_OBJC_MSGSEND = YES;
				GCC_C_LANGUAGE_STANDARD = gnu11;
				GCC_NO_COMMON_BLOCKS = YES;
				GCC_WARN_64_TO_32_BIT_CONVERSION = YES;
				GCC_WARN_ABOUT_RETURN_TYPE = YES_ERROR;
				GCC_WARN_UNDECLARED_SELECTOR = YES;
				GCC_WARN_UNINITIALIZED_AUTOS = YES_AGGRESSIVE;
				GCC_WARN_UNUSED_FUNCTION = YES;
				GCC_WARN_UNUSED_VARIABLE = YES;
				IPHONEOS_DEPLOYMENT_TARGET = 11.1;
				MTL_ENABLE_DEBUG_INFO = NO;
				SDKROOT = iphoneos;
				VALIDATE_PRODUCT = YES;
				VERSIONING_SYSTEM = "apple-generic";
				VERSION_INFO_PREFIX = "";
			};
			name = Release;
		};
		DF0B7F721FE7D0D60045DFF2 /* Debug */ = {
			isa = XCBuildConfiguration;
			baseConfigurationReference = 4D7FD05FA4B83F33D39911A6 /* Pods-AppManager.debug.xcconfig */;
			buildSettings = {
				ARCHS = (
					"$(ARCHS_STANDARD)",
					armv7s,
				);
				CODE_SIGN_IDENTITY = "";
				CODE_SIGN_STYLE = Automatic;
				DEAD_CODE_STRIPPING = NO;
				DEFINES_MODULE = YES;
				DEVELOPMENT_TEAM = X7N27ZW4ED;
				DYLIB_COMPATIBILITY_VERSION = 1;
				DYLIB_CURRENT_VERSION = 1;
				DYLIB_INSTALL_NAME_BASE = "@rpath";
				FRAMEWORK_SEARCH_PATHS = (
					"$(inherited)",
					"$(PROJECT_DIR)/AppManager",
				);
				GCC_PREFIX_HEADER = AppManager/PrefixHeader.pch;
				INFOPLIST_FILE = AppManager/Info.plist;
				INSTALL_PATH = "$(LOCAL_LIBRARY_DIR)/Frameworks";
				IPHONEOS_DEPLOYMENT_TARGET = 10.0;
				LD_RUNPATH_SEARCH_PATHS = "$(inherited) @executable_path/Frameworks @loader_path/Frameworks";
				LINK_WITH_STANDARD_LIBRARIES = NO;
				MACH_O_TYPE = staticlib;
				ONLY_ACTIVE_ARCH = YES;
				PRODUCT_BUNDLE_IDENTIFIER = fujl.AppManager;
				PRODUCT_NAME = "$(TARGET_NAME:c99extidentifier)";
				SKIP_INSTALL = YES;
				TARGETED_DEVICE_FAMILY = "1,2";
			};
			name = Debug;
		};
		DF0B7F731FE7D0D60045DFF2 /* Release */ = {
			isa = XCBuildConfiguration;
			baseConfigurationReference = 8676EAC7710E1F0A7945ED0A /* Pods-AppManager.release.xcconfig */;
			buildSettings = {
				ARCHS = (
					"$(ARCHS_STANDARD)",
					armv7s,
				);
				CODE_SIGN_IDENTITY = "";
				CODE_SIGN_STYLE = Automatic;
				DEAD_CODE_STRIPPING = NO;
				DEFINES_MODULE = YES;
				DEVELOPMENT_TEAM = X7N27ZW4ED;
				DYLIB_COMPATIBILITY_VERSION = 1;
				DYLIB_CURRENT_VERSION = 1;
				DYLIB_INSTALL_NAME_BASE = "@rpath";
				FRAMEWORK_SEARCH_PATHS = (
					"$(inherited)",
					"$(PROJECT_DIR)/AppManager",
				);
				GCC_PREFIX_HEADER = AppManager/PrefixHeader.pch;
				INFOPLIST_FILE = AppManager/Info.plist;
				INSTALL_PATH = "$(LOCAL_LIBRARY_DIR)/Frameworks";
				IPHONEOS_DEPLOYMENT_TARGET = 10.0;
				LD_RUNPATH_SEARCH_PATHS = "$(inherited) @executable_path/Frameworks @loader_path/Frameworks";
				LINK_WITH_STANDARD_LIBRARIES = NO;
				MACH_O_TYPE = staticlib;
				ONLY_ACTIVE_ARCH = NO;
				PRODUCT_BUNDLE_IDENTIFIER = fujl.AppManagerFramework;
				PRODUCT_NAME = "$(TARGET_NAME:c99extidentifier)";
				SKIP_INSTALL = YES;
				TARGETED_DEVICE_FAMILY = "1,2";
			};
			name = Release;
		};
/* End XCBuildConfiguration section */

/* Begin XCConfigurationList section */
		DF0B7F631FE7D0D60045DFF2 /* Build configuration list for PBXProject "AppManager" */ = {
			isa = XCConfigurationList;
			buildConfigurations = (
				DF0B7F6F1FE7D0D60045DFF2 /* Debug */,
				DF0B7F701FE7D0D60045DFF2 /* Release */,
			);
			defaultConfigurationIsVisible = 0;
			defaultConfigurationName = Release;
		};
		DF0B7F711FE7D0D60045DFF2 /* Build configuration list for PBXNativeTarget "AppManager" */ = {
			isa = XCConfigurationList;
			buildConfigurations = (
				DF0B7F721FE7D0D60045DFF2 /* Debug */,
				DF0B7F731FE7D0D60045DFF2 /* Release */,
			);
			defaultConfigurationIsVisible = 0;
			defaultConfigurationName = Release;
		};
/* End XCConfigurationList section */
	};
	rootObject = DF0B7F601FE7D0D60045DFF2 /* Project object */;
}
